
Microsoft Visual Studio Solution File, Format Version 12.00
# Visual Studio 15
VisualStudioVersion = 15.0.28307.489
MinimumVisualStudioVersion = 10.0.40219.1
Project("{FAE04EC0-301F-11D3-BF4B-00C04F79EFBC}") = "Shell", "Shell\Shell.csproj", "{59FDF77B-0C08-4F74-8F92-19B897E8A56D}"
EndProject
Project("{FAE04EC0-301F-11D3-BF4B-00C04F79EFBC}") = "SecurityModule", "SecurityModule\SecurityModule.csproj", "{BD54315E-9718-41FA-BA33-E39259B334FD}"
EndProject
Project("{FAE04EC0-301F-11D3-BF4B-00C04F79EFBC}") = "Networking", "Networking\Networking.csproj", "{F3C09F06-F068-4D8E-A9E3-8C18D4CB6EB3}"
EndProject
Project("{FAE04EC0-301F-11D3-BF4B-00C04F79EFBC}") = "Infrastructure.Interface", "Infrastructure.Interface\Infrastructure.Interface.csproj", "{C50D185A-4BA0-4899-8C73-4C0A995ECD57}"
EndProject
Project("{FAE04EC0-301F-11D3-BF4B-00C04F79EFBC}") = "Infrastructure", "Infrastructure\Infrastructure.csproj", "{C8EBBB0C-1F43-46EE-9535-A53F94B90211}"
EndProject
Project("{FAE04EC0-301F-11D3-BF4B-00C04F79EFBC}") = "MiniBar.CommonModule", "CommonModule\MiniBar.CommonModule.csproj", "{CD4D50E2-7087-4706-B69B-4F0F4EF24861}"
EndProject
Project("{FAE04EC0-301F-11D3-BF4B-00C04F79EFBC}") = "MiniBar.EntityViewModels", "MiniBar.EntityViewModels\MiniBar.EntityViewModels.csproj", "{DB371131-E837-4F6F-BD59-B73276A89FA8}"
EndProject
Project("{9A19103F-16F7-4668-BE54-9A1E7A4F7556}") = "SharedEntities", "..\Shared\SharedEntities\SharedEntities.csproj", "{7DD68BB2-F476-4CA6-AFF9-B16716044F3D}"
EndProject
Project("{FAE04EC0-301F-11D3-BF4B-00C04F79EFBC}") = "MiniBar.ProductsModule", "MiniBar.ProductsModule\MiniBar.ProductsModule.csproj", "{C1B2C6DC-514A-4003-AA94-7A14FEE36FEA}"
EndProject
Project("{FAE04EC0-301F-11D3-BF4B-00C04F79EFBC}") = "Core.UI", "Core.UI\Core.UI.csproj", "{335CC8BB-E8B3-4688-9B03-775B42BB9406}"
EndProject
Project("{FAE04EC0-301F-11D3-BF4B-00C04F79EFBC}") = "Core.Documents", "Core.Documents\Core.Documents.csproj", "{B316AB52-8556-410A-9F95-E8681D91D187}"
EndProject
Global
	GlobalSection(SolutionConfigurationPlatforms) = preSolution
		Debug|Any CPU = Debug|Any CPU
		Release|Any CPU = Release|Any CPU
	EndGlobalSection
	GlobalSection(ProjectConfigurationPlatforms) = postSolution
		{59FDF77B-0C08-4F74-8F92-19B897E8A56D}.Debug|Any CPU.ActiveCfg = Debug|Any CPU
		{59FDF77B-0C08-4F74-8F92-19B897E8A56D}.Debug|Any CPU.Build.0 = Debug|Any CPU
		{59FDF77B-0C08-4F74-8F92-19B897E8A56D}.Release|Any CPU.ActiveCfg = Release|Any CPU
		{59FDF77B-0C08-4F74-8F92-19B897E8A56D}.Release|Any CPU.Build.0 = Release|Any CPU
		{BD54315E-9718-41FA-BA33-E39259B334FD}.Debug|Any CPU.ActiveCfg = Debug|Any CPU
		{BD54315E-9718-41FA-BA33-E39259B334FD}.Debug|Any CPU.Build.0 = Debug|Any CPU
		{BD54315E-9718-41FA-BA33-E39259B334FD}.Release|Any CPU.ActiveCfg = Release|Any CPU
		{BD54315E-9718-41FA-BA33-E39259B334FD}.Release|Any CPU.Build.0 = Release|Any CPU
		{F3C09F06-F068-4D8E-A9E3-8C18D4CB6EB3}.Debug|Any CPU.ActiveCfg = Debug|Any CPU
		{F3C09F06-F068-4D8E-A9E3-8C18D4CB6EB3}.Debug|Any CPU.Build.0 = Debug|Any CPU
		{F3C09F06-F068-4D8E-A9E3-8C18D4CB6EB3}.Release|Any CPU.ActiveCfg = Release|Any CPU
		{F3C09F06-F068-4D8E-A9E3-8C18D4CB6EB3}.Release|Any CPU.Build.0 = Release|Any CPU
		{C50D185A-4BA0-4899-8C73-4C0A995ECD57}.Debug|Any CPU.ActiveCfg = Debug|Any CPU
		{C50D185A-4BA0-4899-8C73-4C0A995ECD57}.Debug|Any CPU.Build.0 = Debug|Any CPU
		{C50D185A-4BA0-4899-8C73-4C0A995ECD57}.Release|Any CPU.ActiveCfg = Release|Any CPU
		{C50D185A-4BA0-4899-8C73-4C0A995ECD57}.Release|Any CPU.Build.0 = Release|Any CPU
		{C8EBBB0C-1F43-46EE-9535-A53F94B90211}.Debug|Any CPU.ActiveCfg = Debug|Any CPU
		{C8EBBB0C-1F43-46EE-9535-A53F94B90211}.Debug|Any CPU.Build.0 = Debug|Any CPU
		{C8EBBB0C-1F43-46EE-9535-A53F94B90211}.Release|Any CPU.ActiveCfg = Release|Any CPU
		{C8EBBB0C-1F43-46EE-9535-A53F94B90211}.Release|Any CPU.Build.0 = Release|Any CPU
		{CD4D50E2-7087-4706-B69B-4F0F4EF24861}.Debug|Any CPU.ActiveCfg = Debug|Any CPU
		{CD4D50E2-7087-4706-B69B-4F0F4EF24861}.Debug|Any CPU.Build.0 = Debug|Any CPU
		{CD4D50E2-7087-4706-B69B-4F0F4EF24861}.Release|Any CPU.ActiveCfg = Release|Any CPU
		{CD4D50E2-7087-4706-B69B-4F0F4EF24861}.Release|Any CPU.Build.0 = Release|Any CPU
		{DB371131-E837-4F6F-BD59-B73276A89FA8}.Debug|Any CPU.ActiveCfg = Debug|Any CPU
		{DB371131-E837-4F6F-BD59-B73276A89FA8}.Debug|Any CPU.Build.0 = Debug|Any CPU
		{DB371131-E837-4F6F-BD59-B73276A89FA8}.Release|Any CPU.ActiveCfg = Release|Any CPU
		{DB371131-E837-4F6F-BD59-B73276A89FA8}.Release|Any CPU.Build.0 = Release|Any CPU
		{7DD68BB2-F476-4CA6-AFF9-B16716044F3D}.Debug|Any CPU.ActiveCfg = Debug|Any CPU
		{7DD68BB2-F476-4CA6-AFF9-B16716044F3D}.Debug|Any CPU.Build.0 = Debug|Any CPU
		{7DD68BB2-F476-4CA6-AFF9-B16716044F3D}.Release|Any CPU.ActiveCfg = Release|Any CPU
		{7DD68BB2-F476-4CA6-AFF9-B16716044F3D}.Release|Any CPU.Build.0 = Release|Any CPU
		{C1B2C6DC-514A-4003-AA94-7A14FEE36FEA}.Debug|Any CPU.ActiveCfg = Debug|Any CPU
		{C1B2C6DC-514A-4003-AA94-7A14FEE36FEA}.Debug|Any CPU.Build.0 = Debug|Any CPU
		{C1B2C6DC-514A-4003-AA94-7A14FEE36FEA}.Release|Any CPU.ActiveCfg = Release|Any CPU
		{C1B2C6DC-514A-4003-AA94-7A14FEE36FEA}.Release|Any CPU.Build.0 = Release|Any CPU
		{335CC8BB-E8B3-4688-9B03-775B42BB9406}.Debug|Any CPU.ActiveCfg = Debug|Any CPU
		{335CC8BB-E8B3-4688-9B03-775B42BB9406}.Debug|Any CPU.Build.0 = Debug|Any CPU
		{335CC8BB-E8B3-4688-9B03-775B42BB9406}.Release|Any CPU.ActiveCfg = Release|Any CPU
		{335CC8BB-E8B3-4688-9B03-775B42BB9406}.Release|Any CPU.Build.0 = Release|Any CPU
		{B316AB52-8556-410A-9F95-E8681D91D187}.Debug|Any CPU.ActiveCfg = Debug|Any CPU
		{B316AB52-8556-410A-9F95-E8681D91D187}.Debug|Any CPU.Build.0 = Debug|Any CPU
		{B316AB52-8556-410A-9F95-E8681D91D187}.Release|Any CPU.ActiveCfg = Release|Any CPU
		{B316AB52-8556-410A-9F95-E8681D91D187}.Release|Any CPU.Build.0 = Release|Any CPU
	EndGlobalSection
	GlobalSection(SolutionProperties) = preSolution
		HideSolutionNode = FALSE
	EndGlobalSection
	GlobalSection(ExtensibilityGlobals) = postSolution
		SolutionGuid = {76518772-6E60-4F61-A5CE-2F96952A5E1D}
	EndGlobalSection
EndGlobal
