
Microsoft Visual Studio Solution File, Format Version 12.00
# Visual Studio 15
VisualStudioVersion = 15.0.28307.421
MinimumVisualStudioVersion = 10.0.40219.1
Project("{9A19103F-16F7-4668-BE54-9A1E7A4F7556}") = "SharedEntities", "..\Shared\SharedEntities\SharedEntities.csproj", "{D3171AF0-CEC8-4295-82EF-DB336F4772DD}"
EndProject
Project("{9A19103F-16F7-4668-BE54-9A1E7A4F7556}") = "BusinessEntities", "BusinessEntities\BusinessEntities.csproj", "{2AE5B4A6-2FE5-4097-B2F0-421039BF1EA1}"
EndProject
Project("{9A19103F-16F7-4668-BE54-9A1E7A4F7556}") = "Common", "Common\Common.csproj", "{40DC8E69-8588-4199-A0BC-3FD762F22BA5}"
EndProject
Project("{9A19103F-16F7-4668-BE54-9A1E7A4F7556}") = "CoreAPI", "CoreAPI\CoreAPI.csproj", "{BAA1D146-D2E0-4958-970D-E7E4EFBDC2FA}"
EndProject
Project("{9A19103F-16F7-4668-BE54-9A1E7A4F7556}") = "Core.Repositories", "Repositories\Core.Repositories.csproj", "{108B9183-FF3E-4FCF-BBF3-999C9F2418EF}"
EndProject
Project("{9A19103F-16F7-4668-BE54-9A1E7A4F7556}") = "Facade", "Facade\Facade.csproj", "{FFB16E99-190A-4B9E-9EF7-A804B50F818B}"
EndProject
Project("{9A19103F-16F7-4668-BE54-9A1E7A4F7556}") = "Managers", "Managers\Managers.csproj", "{191F09B9-C0B1-4859-9FCF-20F041FF5139}"
EndProject
Project("{FAE04EC0-301F-11D3-BF4B-00C04F79EFBC}") = "iSmartBarApi", "iSmartBarApi\iSmartBarApi.csproj", "{6345B276-D209-4F39-AB84-4B1AC5498D22}"
EndProject
Project("{FAE04EC0-301F-11D3-BF4B-00C04F79EFBC}") = "iSmartBar.Repositories", "iSmartBar.Repositories\iSmartBar.Repositories.csproj", "{727E74D0-E428-449E-ABE0-56480AECF761}"
EndProject
Project("{FAE04EC0-301F-11D3-BF4B-00C04F79EFBC}") = "CoreAPI.Client", "CoreAPI.Client\CoreAPI.Client.csproj", "{27EAB747-9099-421C-BB2F-2101B37B5740}"
EndProject
Global
	GlobalSection(SolutionConfigurationPlatforms) = preSolution
		Debug|Any CPU = Debug|Any CPU
		Release|Any CPU = Release|Any CPU
	EndGlobalSection
	GlobalSection(ProjectConfigurationPlatforms) = postSolution
		{D3171AF0-CEC8-4295-82EF-DB336F4772DD}.Debug|Any CPU.ActiveCfg = Debug|Any CPU
		{D3171AF0-CEC8-4295-82EF-DB336F4772DD}.Debug|Any CPU.Build.0 = Debug|Any CPU
		{D3171AF0-CEC8-4295-82EF-DB336F4772DD}.Release|Any CPU.ActiveCfg = Release|Any CPU
		{D3171AF0-CEC8-4295-82EF-DB336F4772DD}.Release|Any CPU.Build.0 = Release|Any CPU
		{2AE5B4A6-2FE5-4097-B2F0-421039BF1EA1}.Debug|Any CPU.ActiveCfg = Debug|Any CPU
		{2AE5B4A6-2FE5-4097-B2F0-421039BF1EA1}.Debug|Any CPU.Build.0 = Debug|Any CPU
		{2AE5B4A6-2FE5-4097-B2F0-421039BF1EA1}.Release|Any CPU.ActiveCfg = Release|Any CPU
		{2AE5B4A6-2FE5-4097-B2F0-421039BF1EA1}.Release|Any CPU.Build.0 = Release|Any CPU
		{40DC8E69-8588-4199-A0BC-3FD762F22BA5}.Debug|Any CPU.ActiveCfg = Debug|Any CPU
		{40DC8E69-8588-4199-A0BC-3FD762F22BA5}.Debug|Any CPU.Build.0 = Debug|Any CPU
		{40DC8E69-8588-4199-A0BC-3FD762F22BA5}.Release|Any CPU.ActiveCfg = Release|Any CPU
		{40DC8E69-8588-4199-A0BC-3FD762F22BA5}.Release|Any CPU.Build.0 = Release|Any CPU
		{BAA1D146-D2E0-4958-970D-E7E4EFBDC2FA}.Debug|Any CPU.ActiveCfg = Debug|Any CPU
		{BAA1D146-D2E0-4958-970D-E7E4EFBDC2FA}.Debug|Any CPU.Build.0 = Debug|Any CPU
		{BAA1D146-D2E0-4958-970D-E7E4EFBDC2FA}.Release|Any CPU.ActiveCfg = Release|Any CPU
		{BAA1D146-D2E0-4958-970D-E7E4EFBDC2FA}.Release|Any CPU.Build.0 = Release|Any CPU
		{108B9183-FF3E-4FCF-BBF3-999C9F2418EF}.Debug|Any CPU.ActiveCfg = Debug|Any CPU
		{108B9183-FF3E-4FCF-BBF3-999C9F2418EF}.Debug|Any CPU.Build.0 = Debug|Any CPU
		{108B9183-FF3E-4FCF-BBF3-999C9F2418EF}.Release|Any CPU.ActiveCfg = Release|Any CPU
		{108B9183-FF3E-4FCF-BBF3-999C9F2418EF}.Release|Any CPU.Build.0 = Release|Any CPU
		{FFB16E99-190A-4B9E-9EF7-A804B50F818B}.Debug|Any CPU.ActiveCfg = Debug|Any CPU
		{FFB16E99-190A-4B9E-9EF7-A804B50F818B}.Debug|Any CPU.Build.0 = Debug|Any CPU
		{FFB16E99-190A-4B9E-9EF7-A804B50F818B}.Release|Any CPU.ActiveCfg = Release|Any CPU
		{FFB16E99-190A-4B9E-9EF7-A804B50F818B}.Release|Any CPU.Build.0 = Release|Any CPU
		{191F09B9-C0B1-4859-9FCF-20F041FF5139}.Debug|Any CPU.ActiveCfg = Debug|Any CPU
		{191F09B9-C0B1-4859-9FCF-20F041FF5139}.Debug|Any CPU.Build.0 = Debug|Any CPU
		{191F09B9-C0B1-4859-9FCF-20F041FF5139}.Release|Any CPU.ActiveCfg = Release|Any CPU
		{191F09B9-C0B1-4859-9FCF-20F041FF5139}.Release|Any CPU.Build.0 = Release|Any CPU
		{6345B276-D209-4F39-AB84-4B1AC5498D22}.Debug|Any CPU.ActiveCfg = Debug|Any CPU
		{6345B276-D209-4F39-AB84-4B1AC5498D22}.Debug|Any CPU.Build.0 = Debug|Any CPU
		{6345B276-D209-4F39-AB84-4B1AC5498D22}.Release|Any CPU.ActiveCfg = Release|Any CPU
		{6345B276-D209-4F39-AB84-4B1AC5498D22}.Release|Any CPU.Build.0 = Release|Any CPU
		{727E74D0-E428-449E-ABE0-56480AECF761}.Debug|Any CPU.ActiveCfg = Debug|Any CPU
		{727E74D0-E428-449E-ABE0-56480AECF761}.Debug|Any CPU.Build.0 = Debug|Any CPU
		{727E74D0-E428-449E-ABE0-56480AECF761}.Release|Any CPU.ActiveCfg = Release|Any CPU
		{727E74D0-E428-449E-ABE0-56480AECF761}.Release|Any CPU.Build.0 = Release|Any CPU
		{27EAB747-9099-421C-BB2F-2101B37B5740}.Debug|Any CPU.ActiveCfg = Debug|Any CPU
		{27EAB747-9099-421C-BB2F-2101B37B5740}.Debug|Any CPU.Build.0 = Debug|Any CPU
		{27EAB747-9099-421C-BB2F-2101B37B5740}.Release|Any CPU.ActiveCfg = Release|Any CPU
		{27EAB747-9099-421C-BB2F-2101B37B5740}.Release|Any CPU.Build.0 = Release|Any CPU
	EndGlobalSection
	GlobalSection(SolutionProperties) = preSolution
		HideSolutionNode = FALSE
	EndGlobalSection
	GlobalSection(ExtensibilityGlobals) = postSolution
		SolutionGuid = {C1D4B8A4-9454-4244-8B27-21F3BB9DF132}
	EndGlobalSection
EndGlobal
